// !$*UTF8*$!
{
	archiveVersion = 1;
	classes = {
	};
	objectVersion = 46;
	objects = {

/* Begin PBXBuildFile section */
		4EC0DF4F1B41E37400C8D7F8 /* AppDelegate.swift in Sources */ = {isa = PBXBuildFile; fileRef = 4EC0DF4E1B41E37400C8D7F8 /* AppDelegate.swift */; };
		4EC0DF511B41E37400C8D7F8 /* ViewController.swift in Sources */ = {isa = PBXBuildFile; fileRef = 4EC0DF501B41E37400C8D7F8 /* ViewController.swift */; };
		4EC0DF541B41E37400C8D7F8 /* Main.storyboard in Resources */ = {isa = PBXBuildFile; fileRef = 4EC0DF521B41E37400C8D7F8 /* Main.storyboard */; };
		4EC0DF561B41E37400C8D7F8 /* Images.xcassets in Resources */ = {isa = PBXBuildFile; fileRef = 4EC0DF551B41E37400C8D7F8 /* Images.xcassets */; };
		4EC0DF591B41E37400C8D7F8 /* LaunchScreen.xib in Resources */ = {isa = PBXBuildFile; fileRef = 4EC0DF571B41E37400C8D7F8 /* LaunchScreen.xib */; };
		4EC0DF651B41E37400C8D7F8 /* swift_tac_toeTests.swift in Sources */ = {isa = PBXBuildFile; fileRef = 4EC0DF641B41E37400C8D7F8 /* swift_tac_toeTests.swift */; };
/* End PBXBuildFile section */

/* Begin PBXContainerItemProxy section */
		4EC0DF5F1B41E37400C8D7F8 /* PBXContainerItemProxy */ = {
			isa = PBXContainerItemProxy;
			containerPortal = 4EC0DF411B41E37400C8D7F8 /* Project object */;
			proxyType = 1;
			remoteGlobalIDString = 4EC0DF481B41E37400C8D7F8;
			remoteInfo = "swift-tac-toe";
		};
/* End PBXContainerItemProxy section */

/* Begin PBXFileReference section */
		4EC0DF491B41E37400C8D7F8 /* swift-tac-toe.app */ = {isa = PBXFileReference; explicitFileType = wrapper.application; includeInIndex = 0; path = "swift-tac-toe.app"; sourceTree = BUILT_PRODUCTS_DIR; };
		4EC0DF4D1B41E37400C8D7F8 /* Info.plist */ = {isa = PBXFileReference; lastKnownFileType = text.plist.xml; path = Info.plist; sourceTree = "<group>"; };
		4EC0DF4E1B41E37400C8D7F8 /* AppDelegate.swift */ = {isa = PBXFileReference; lastKnownFileType = sourcecode.swift; path = AppDelegate.swift; sourceTree = "<group>"; };
		4EC0DF501B41E37400C8D7F8 /* ViewController.swift */ = {isa = PBXFileReference; lastKnownFileType = sourcecode.swift; path = ViewController.swift; sourceTree = "<group>"; };
		4EC0DF531B41E37400C8D7F8 /* Base */ = {isa = PBXFileReference; lastKnownFileType = file.storyboard; name = Base; path = Base.lproj/Main.storyboard; sourceTree = "<group>"; };
		4EC0DF551B41E37400C8D7F8 /* Images.xcassets */ = {isa = PBXFileReference; lastKnownFileType = folder.assetcatalog; path = Images.xcassets; sourceTree = "<group>"; };
		4EC0DF581B41E37400C8D7F8 /* Base */ = {isa = PBXFileReference; lastKnownFileType = file.xib; name = Base; path = Base.lproj/LaunchScreen.xib; sourceTree = "<group>"; };
		4EC0DF5E1B41E37400C8D7F8 /* swift-tac-toeTests.xctest */ = {isa = PBXFileReference; explicitFileType = wrapper.cfbundle; includeInIndex = 0; path = "swift-tac-toeTests.xctest"; sourceTree = BUILT_PRODUCTS_DIR; };
		4EC0DF631B41E37400C8D7F8 /* Info.plist */ = {isa = PBXFileReference; lastKnownFileType = text.plist.xml; path = Info.plist; sourceTree = "<group>"; };
		4EC0DF641B41E37400C8D7F8 /* swift_tac_toeTests.swift */ = {isa = PBXFileReference; lastKnownFileType = sourcecode.swift; path = swift_tac_toeTests.swift; sourceTree = "<group>"; };
/* End PBXFileReference section */

/* Begin PBXFrameworksBuildPhase section */
		4EC0DF461B41E37400C8D7F8 /* Frameworks */ = {
			isa = PBXFrameworksBuildPhase;
			buildActionMask = 2147483647;
			files = (
			);
			runOnlyForDeploymentPostprocessing = 0;
		};
		4EC0DF5B1B41E37400C8D7F8 /* Frameworks */ = {
			isa = PBXFrameworksBuildPhase;
			buildActionMask = 2147483647;
			files = (
			);
			runOnlyForDeploymentPostprocessing = 0;
		};
/* End PBXFrameworksBuildPhase section */

/* Begin PBXGroup section */
		4EC0DF401B41E37400C8D7F8 = {
			isa = PBXGroup;
			children = (
				4EC0DF4B1B41E37400C8D7F8 /* swift-tac-toe */,
				4EC0DF611B41E37400C8D7F8 /* swift-tac-toeTests */,
				4EC0DF4A1B41E37400C8D7F8 /* Products */,
			);
			sourceTree = "<group>";
		};
		4EC0DF4A1B41E37400C8D7F8 /* Products */ = {
			isa = PBXGroup;
			children = (
				4EC0DF491B41E37400C8D7F8 /* swift-tac-toe.app */,
				4EC0DF5E1B41E37400C8D7F8 /* swift-tac-toeTests.xctest */,
			);
			name = Products;
			sourceTree = "<group>";
		};
		4EC0DF4B1B41E37400C8D7F8 /* swift-tac-toe */ = {
			isa = PBXGroup;
			children = (
				4EC0DF4E1B41E37400C8D7F8 /* AppDelegate.swift */,
				4EC0DF501B41E37400C8D7F8 /* ViewController.swift */,
				4EC0DF521B41E37400C8D7F8 /* Main.storyboard */,
				4EC0DF551B41E37400C8D7F8 /* Images.xcassets */,
				4EC0DF571B41E37400C8D7F8 /* LaunchScreen.xib */,
				4EC0DF4C1B41E37400C8D7F8 /* Supporting Files */,
			);
			path = "swift-tac-toe";
			sourceTree = "<group>";
		};
		4EC0DF4C1B41E37400C8D7F8 /* Supporting Files */ = {
			isa = PBXGroup;
			children = (
				4EC0DF4D1B41E37400C8D7F8 /* Info.plist */,
			);
			name = "Supporting Files";
			sourceTree = "<group>";
		};
		4EC0DF611B41E37400C8D7F8 /* swift-tac-toeTests */ = {
			isa = PBXGroup;
			children = (
				4EC0DF641B41E37400C8D7F8 /* swift_tac_toeTests.swift */,
				4EC0DF621B41E37400C8D7F8 /* Supporting Files */,
			);
			path = "swift-tac-toeTests";
			sourceTree = "<group>";
		};
		4EC0DF621B41E37400C8D7F8 /* Supporting Files */ = {
			isa = PBXGroup;
			children = (
				4EC0DF631B41E37400C8D7F8 /* Info.plist */,
			);
			name = "Supporting Files";
			sourceTree = "<group>";
		};
/* End PBXGroup section */

/* Begin PBXNativeTarget section */
		4EC0DF481B41E37400C8D7F8 /* swift-tac-toe */ = {
			isa = PBXNativeTarget;
			buildConfigurationList = 4EC0DF681B41E37400C8D7F8 /* Build configuration list for PBXNativeTarget "swift-tac-toe" */;
			buildPhases = (
				4EC0DF451B41E37400C8D7F8 /* Sources */,
				4EC0DF461B41E37400C8D7F8 /* Frameworks */,
				4EC0DF471B41E37400C8D7F8 /* Resources */,
			);
			buildRules = (
			);
			dependencies = (
			);
			name = "swift-tac-toe";
			productName = "swift-tac-toe";
			productReference = 4EC0DF491B41E37400C8D7F8 /* swift-tac-toe.app */;
			productType = "com.apple.product-type.application";
		};
		4EC0DF5D1B41E37400C8D7F8 /* swift-tac-toeTests */ = {
			isa = PBXNativeTarget;
			buildConfigurationList = 4EC0DF6B1B41E37400C8D7F8 /* Build configuration list for PBXNativeTarget "swift-tac-toeTests" */;
			buildPhases = (
				4EC0DF5A1B41E37400C8D7F8 /* Sources */,
				4EC0DF5B1B41E37400C8D7F8 /* Frameworks */,
				4EC0DF5C1B41E37400C8D7F8 /* Resources */,
			);
			buildRules = (
			);
			dependencies = (
				4EC0DF601B41E37400C8D7F8 /* PBXTargetDependency */,
			);
			name = "swift-tac-toeTests";
			productName = "swift-tac-toeTests";
			productReference = 4EC0DF5E1B41E37400C8D7F8 /* swift-tac-toeTests.xctest */;
			productType = "com.apple.product-type.bundle.unit-test";
		};
/* End PBXNativeTarget section */

/* Begin PBXProject section */
		4EC0DF411B41E37400C8D7F8 /* Project object */ = {
			isa = PBXProject;
			attributes = {
				LastUpgradeCheck = 0630;
				ORGANIZATIONNAME = "Joan Tolós López";
				TargetAttributes = {
					4EC0DF481B41E37400C8D7F8 = {
						CreatedOnToolsVersion = 6.3.2;
					};
					4EC0DF5D1B41E37400C8D7F8 = {
						CreatedOnToolsVersion = 6.3.2;
						TestTargetID = 4EC0DF481B41E37400C8D7F8;
					};
				};
			};
			buildConfigurationList = 4EC0DF441B41E37400C8D7F8 /* Build configuration list for PBXProject "swift-tac-toe" */;
			compatibilityVersion = "Xcode 3.2";
			developmentRegion = English;
			hasScannedForEncodings = 0;
			knownRegions = (
				en,
				Base,
			);
			mainGroup = 4EC0DF401B41E37400C8D7F8;
			productRefGroup = 4EC0DF4A1B41E37400C8D7F8 /* Products */;
			projectDirPath = "";
			projectRoot = "";
			targets = (
				4EC0DF481B41E37400C8D7F8 /* swift-tac-toe */,
				4EC0DF5D1B41E37400C8D7F8 /* swift-tac-toeTests */,
			);
		};
/* End PBXProject section */

/* Begin PBXResourcesBuildPhase section */
		4EC0DF471B41E37400C8D7F8 /* Resources */ = {
			isa = PBXResourcesBuildPhase;
			buildActionMask = 2147483647;
			files = (
				4EC0DF541B41E37400C8D7F8 /* Main.storyboard in Resources */,
				4EC0DF591B41E37400C8D7F8 /* LaunchScreen.xib in Resources */,
				4EC0DF561B41E37400C8D7F8 /* Images.xcassets in Resources */,
			);
			runOnlyForDeploymentPostprocessing = 0;
		};
		4EC0DF5C1B41E37400C8D7F8 /* Resources */ = {
			isa = PBXResourcesBuildPhase;
			buildActionMask = 2147483647;
			files = (
			);
			runOnlyForDeploymentPostprocessing = 0;
		};
/* End PBXResourcesBuildPhase section */

/* Begin PBXSourcesBuildPhase section */
		4EC0DF451B41E37400C8D7F8 /* Sources */ = {
			isa = PBXSourcesBuildPhase;
			buildActionMask = 2147483647;
			files = (
				4EC0DF511B41E37400C8D7F8 /* ViewController.swift in Sources */,
				4EC0DF4F1B41E37400C8D7F8 /* AppDelegate.swift in Sources */,
			);
			runOnlyForDeploymentPostprocessing = 0;
		};
		4EC0DF5A1B41E37400C8D7F8 /* Sources */ = {
			isa = PBXSourcesBuildPhase;
			buildActionMask = 2147483647;
			files = (
				4EC0DF651B41E37400C8D7F8 /* swift_tac_toeTests.swift in Sources */,
			);
			runOnlyForDeploymentPostprocessing = 0;
		};
/* End PBXSourcesBuildPhase section */

/* Begin PBXTargetDependency section */
		4EC0DF601B41E37400C8D7F8 /* PBXTargetDependency */ = {
			isa = PBXTargetDependency;
			target = 4EC0DF481B41E37400C8D7F8 /* swift-tac-toe */;
			targetProxy = 4EC0DF5F1B41E37400C8D7F8 /* PBXContainerItemProxy */;
		};
/* End PBXTargetDependency section */

/* Begin PBXVariantGroup section */
		4EC0DF521B41E37400C8D7F8 /* Main.storyboard */ = {
			isa = PBXVariantGroup;
			children = (
				4EC0DF531B41E37400C8D7F8 /* Base */,
			);
			name = Main.storyboard;
			sourceTree = "<group>";
		};
		4EC0DF571B41E37400C8D7F8 /* LaunchScreen.xib */ = {
			isa = PBXVariantGroup;
			children = (
				4EC0DF581B41E37400C8D7F8 /* Base */,
			);
			name = LaunchScreen.xib;
			sourceTree = "<group>";
		};
/* End PBXVariantGroup section */

/* Begin XCBuildConfiguration section */
		4EC0DF661B41E37400C8D7F8 /* Debug */ = {
			isa = XCBuildConfiguration;
			buildSettings = {
				ALWAYS_SEARCH_USER_PATHS = NO;
				CLANG_CXX_LANGUAGE_STANDARD = "gnu++0x";
				CLANG_CXX_LIBRARY = "libc++";
				CLANG_ENABLE_MODULES = YES;
				CLANG_ENABLE_OBJC_ARC = YES;
				CLANG_WARN_BOOL_CONVERSION = YES;
				CLANG_WARN_CONSTANT_CONVERSION = YES;
				CLANG_WARN_DIRECT_OBJC_ISA_USAGE = YES_ERROR;
				CLANG_WARN_EMPTY_BODY = YES;
				CLANG_WARN_ENUM_CONVERSION = YES;
				CLANG_WARN_INT_CONVERSION = YES;
				CLANG_WARN_OBJC_ROOT_CLASS = YES_ERROR;
				CLANG_WARN_UNREACHABLE_CODE = YES;
				CLANG_WARN__DUPLICATE_METHOD_MATCH = YES;
				"CODE_SIGN_IDENTITY[sdk=iphoneos*]" = "iPhone Developer";
				COPY_PHASE_STRIP = NO;
				DEBUG_INFORMATION_FORMAT = "dwarf-with-dsym";
				ENABLE_STRICT_OBJC_MSGSEND = YES;
				GCC_C_LANGUAGE_STANDARD = gnu99;
				GCC_DYNAMIC_NO_PIC = NO;
				GCC_NO_COMMON_BLOCKS = YES;
				GCC_OPTIMIZATION_LEVEL = 0;
				GCC_PREPROCESSOR_DEFINITIONS = (
					"DEBUG=1",
					"$(inherited)",
				);
				GCC_SYMBOLS_PRIVATE_EXTERN = NO;
				GCC_WARN_64_TO_32_BIT_CONVERSION = YES;
				GCC_WARN_ABOUT_RETURN_TYPE = YES_ERROR;
				GCC_WARN_UNDECLARED_SELECTOR = YES;
				GCC_WARN_UNINITIALIZED_AUTOS = YES_AGGRESSIVE;
				GCC_WARN_UNUSED_FUNCTION = YES;
				GCC_WARN_UNUSED_VARIABLE = YES;
				IPHONEOS_DEPLOYMENT_TARGET = 8.3;
				MTL_ENABLE_DEBUG_INFO = YES;
				ONLY_ACTIVE_ARCH = YES;
				SDKROOT = iphoneos;
				SWIFT_OPTIMIZATION_LEVEL = "-Onone";
			};
			name = Debug;
		};
		4EC0DF671B41E37400C8D7F8 /* Release */ = {
			isa = XCBuildConfiguration;
			buildSettings = {
				ALWAYS_SEARCH_USER_PATHS = NO;
				CLANG_CXX_LANGUAGE_STANDARD = "gnu++0x";
				CLANG_CXX_LIBRARY = "libc++";
				CLANG_ENABLE_MODULES = YES;
				CLANG_ENABLE_OBJC_ARC = YES;
				CLANG_WARN_BOOL_CONVERSION = YES;
				CLANG_WARN_CONSTANT_CONVERSION = YES;
				CLANG_WARN_DIRECT_OBJC_ISA_USAGE = YES_ERROR;
				CLANG_WARN_EMPTY_BODY = YES;
				CLANG_WARN_ENUM_CONVERSION = YES;
				CLANG_WARN_INT_CONVERSION = YES;
				CLANG_WARN_OBJC_ROOT_CLASS = YES_ERROR;
				CLANG_WARN_UNREACHABLE_CODE = YES;
				CLANG_WARN__DUPLICATE_METHOD_MATCH = YES;
				"CODE_SIGN_IDENTITY[sdk=iphoneos*]" = "iPhone Developer";
				COPY_PHASE_STRIP = NO;
				DEBUG_INFORMATION_FORMAT = "dwarf-with-dsym";
				ENABLE_NS_ASSERTIONS = NO;
				ENABLE_STRICT_OBJC_MSGSEND = YES;
				GCC_C_LANGUAGE_STANDARD = gnu99;
				GCC_NO_COMMON_BLOCKS = YES;
				GCC_WARN_64_TO_32_BIT_CONVERSION = YES;
				GCC_WARN_ABOUT_RETURN_TYPE = YES_ERROR;
				GCC_WARN_UNDECLARED_SELECTOR = YES;
				GCC_WARN_UNINITIALIZED_AUTOS = YES_AGGRESSIVE;
				GCC_WARN_UNUSED_FUNCTION = YES;
				GCC_WARN_UNUSED_VARIABLE = YES;
				IPHONEOS_DEPLOYMENT_TARGET = 8.3;
				MTL_ENABLE_DEBUG_INFO = NO;
				SDKROOT = iphoneos;
				VALIDATE_PRODUCT = YES;
			};
			name = Release;
		};
		4EC0DF691B41E37400C8D7F8 /* Debug */ = {
			isa = XCBuildConfiguration;
			buildSettings = {
				ASSETCATALOG_COMPILER_APPICON_NAME = AppIcon;
				INFOPLIST_FILE = "swift-tac-toe/Info.plist";
				LD_RUNPATH_SEARCH_PATHS = "$(inherited) @executable_path/Frameworks";
				PRODUCT_NAME = "$(TARGET_NAME)";
			};
			name = Debug;
		};
		4EC0DF6A1B41E37400C8D7F8 /* Release */ = {
			isa = XCBuildConfiguration;
			buildSettings = {
				ASSETCATALOG_COMPILER_APPICON_NAME = AppIcon;
				INFOPLIST_FILE = "swift-tac-toe/Info.plist";
				LD_RUNPATH_SEARCH_PATHS = "$(inherited) @executable_path/Frameworks";
				PRODUCT_NAME = "$(TARGET_NAME)";
			};
			name = Release;
		};
		4EC0DF6C1B41E37400C8D7F8 /* Debug */ = {
			isa = XCBuildConfiguration;
			buildSettings = {
				BUNDLE_LOADER = "$(TEST_HOST)";
				FRAMEWORK_SEARCH_PATHS = (
					"$(SDKROOT)/Developer/Library/Frameworks",
					"$(inherited)",
				);
				GCC_PREPROCESSOR_DEFINITIONS = (
					"DEBUG=1",
					"$(inherited)",
				);
				INFOPLIST_FILE = "swift-tac-toeTests/Info.plist";
				LD_RUNPATH_SEARCH_PATHS = "$(inherited) @executable_path/Frameworks @loader_path/Frameworks";
				PRODUCT_NAME = "$(TARGET_NAME)";
				TEST_HOST = "$(BUILT_PRODUCTS_DIR)/swift-tac-toe.app/swift-tac-toe";
			};
			name = Debug;
		};
		4EC0DF6D1B41E37400C8D7F8 /* Release */ = {
			isa = XCBuildConfiguration;
			buildSettings = {
				BUNDLE_LOADER = "$(TEST_HOST)";
				FRAMEWORK_SEARCH_PATHS = (
					"$(SDKROOT)/Developer/Library/Frameworks",
					"$(inherited)",
				);
				INFOPLIST_FILE = "swift-tac-toeTests/Info.plist";
				LD_RUNPATH_SEARCH_PATHS = "$(inherited) @executable_path/Frameworks @loader_path/Frameworks";
				PRODUCT_NAME = "$(TARGET_NAME)";
				TEST_HOST = "$(BUILT_PRODUCTS_DIR)/swift-tac-toe.app/swift-tac-toe";
			};
			name = Release;
		};
/* End XCBuildConfiguration section */

/* Begin XCConfigurationList section */
		4EC0DF441B41E37400C8D7F8 /* Build configuration list for PBXProject "swift-tac-toe" */ = {
			isa = XCConfigurationList;
			buildConfigurations = (
				4EC0DF661B41E37400C8D7F8 /* Debug */,
				4EC0DF671B41E37400C8D7F8 /* Release */,
			);
			defaultConfigurationIsVisible = 0;
			defaultConfigurationName = Release;
		};
		4EC0DF681B41E37400C8D7F8 /* Build configuration list for PBXNativeTarget "swift-tac-toe" */ = {
			isa = XCConfigurationList;
			buildConfigurations = (
				4EC0DF691B41E37400C8D7F8 /* Debug */,
				4EC0DF6A1B41E37400C8D7F8 /* Release */,
			);
			defaultConfigurationIsVisible = 0;
		};
		4EC0DF6B1B41E37400C8D7F8 /* Build configuration list for PBXNativeTarget "swift-tac-toeTests" */ = {
			isa = XCConfigurationList;
			buildConfigurations = (
				4EC0DF6C1B41E37400C8D7F8 /* Debug */,
				4EC0DF6D1B41E37400C8D7F8 /* Release */,
			);
			defaultConfigurationIsVisible = 0;
		};
/* End XCConfigurationList section */
	};
	rootObject = 4EC0DF411B41E37400C8D7F8 /* Project object */;
}
